
Microsoft Visual Studio Solution File, Format Version 12.00
# Visual Studio Version 17
VisualStudioVersion = 17.9.34607.119
MinimumVisualStudioVersion = 10.0.40219.1
Project("{FAE04EC0-301F-11D3-BF4B-00C04F79EFBC}") = "class_test1", "class_test1.csproj", "{EC012D9E-7134-476B-9E62-349825DF96AB}"
EndProject
Global
	GlobalSection(SolutionConfigurationPlatforms) = preSolution
		Debug|Any CPU = Debug|Any CPU
		Release|Any CPU = Release|Any CPU
	EndGlobalSection
	GlobalSection(ProjectConfigurationPlatforms) = postSolution
		{EC012D9E-7134-476B-9E62-349825DF96AB}.Debug|Any CPU.ActiveCfg = Debug|Any CPU
		{EC012D9E-7134-476B-9E62-349825DF96AB}.Debug|Any CPU.Build.0 = Debug|Any CPU
		{EC012D9E-7134-476B-9E62-349825DF96AB}.Release|Any CPU.ActiveCfg = Release|Any CPU
		{EC012D9E-7134-476B-9E62-349825DF96AB}.Release|Any CPU.Build.0 = Release|Any CPU
	EndGlobalSection
	GlobalSection(SolutionProperties) = preSolution
		HideSolutionNode = FALSE
	EndGlobalSection
	GlobalSection(ExtensibilityGlobals) = postSolution
		SolutionGuid = {0414D6D6-B4D6-4119-B276-5D81A64A3741}
	EndGlobalSection
EndGlobal
